
Microsoft Visual Studio Solution File, Format Version 12.00
# Visual Studio Version 16
VisualStudioVersion = 16.0.29911.84
MinimumVisualStudioVersion = 10.0.40219.1
Project("{FAE04EC0-301F-11D3-BF4B-00C04F79EFBC}") = "TDD.UI", "TDD.UI\TDD.UI.csproj", "{4576CB88-336F-4D84-81B8-19CAD7B1618D}"
EndProject
Project("{FAE04EC0-301F-11D3-BF4B-00C04F79EFBC}") = "TDD.Test", "TDD.Test\TDD.Test.csproj", "{259CBBE7-D101-49BB-8DA5-022CBD93718F}"
EndProject
Global
	GlobalSection(SolutionConfigurationPlatforms) = preSolution
		Debug|Any CPU = Debug|Any CPU
		Release|Any CPU = Release|Any CPU
	EndGlobalSection
	GlobalSection(ProjectConfigurationPlatforms) = postSolution
		{4576CB88-336F-4D84-81B8-19CAD7B1618D}.Debug|Any CPU.ActiveCfg = Debug|Any CPU
		{4576CB88-336F-4D84-81B8-19CAD7B1618D}.Debug|Any CPU.Build.0 = Debug|Any CPU
		{4576CB88-336F-4D84-81B8-19CAD7B1618D}.Release|Any CPU.ActiveCfg = Release|Any CPU
		{4576CB88-336F-4D84-81B8-19CAD7B1618D}.Release|Any CPU.Build.0 = Release|Any CPU
		{259CBBE7-D101-49BB-8DA5-022CBD93718F}.Debug|Any CPU.ActiveCfg = Debug|Any CPU
		{259CBBE7-D101-49BB-8DA5-022CBD93718F}.Debug|Any CPU.Build.0 = Debug|Any CPU
		{259CBBE7-D101-49BB-8DA5-022CBD93718F}.Release|Any CPU.ActiveCfg = Release|Any CPU
		{259CBBE7-D101-49BB-8DA5-022CBD93718F}.Release|Any CPU.Build.0 = Release|Any CPU
	EndGlobalSection
	GlobalSection(SolutionProperties) = preSolution
		HideSolutionNode = FALSE
	EndGlobalSection
	GlobalSection(ExtensibilityGlobals) = postSolution
		SolutionGuid = {E9DAEEFC-D876-45C8-A32B-5E0C88F27356}
	EndGlobalSection
EndGlobal
